Microsoft Visual Studio Solution File, Format Version 12.00
# Visual Studio Version 17
VisualStudioVersion = 17.5.2.0
MinimumVisualStudioVersion = 10.0.40219.1
Project("{FAE04EC0-301F-11D3-BF4B-00C04F79EFBC}") = "07-DataProtection", "07-DataProtection.csproj", "{2E5FCB06-8F10-CCEB-762D-47A516940AC3}"
EndProject
Global
	GlobalSection(SolutionConfigurationPlatforms) = preSolution
		Debug|Any CPU = Debug|Any CPU
		Release|Any CPU = Release|Any CPU
	EndGlobalSection
	GlobalSection(ProjectConfigurationPlatforms) = postSolution
		{2E5FCB06-8F10-CCEB-762D-47A516940AC3}.Debug|Any CPU.ActiveCfg = Debug|Any CPU
		{2E5FCB06-8F10-CCEB-762D-47A516940AC3}.Debug|Any CPU.Build.0 = Debug|Any CPU
		{2E5FCB06-8F10-CCEB-762D-47A516940AC3}.Release|Any CPU.ActiveCfg = Release|Any CPU
		{2E5FCB06-8F10-CCEB-762D-47A516940AC3}.Release|Any CPU.Build.0 = Release|Any CPU
	EndGlobalSection
	GlobalSection(SolutionProperties) = preSolution
		HideSolutionNode = FALSE
	EndGlobalSection
	GlobalSection(ExtensibilityGlobals) = postSolution
		SolutionGuid = {2DE91D21-5F0B-40EF-B21B-CB340908638D}
	EndGlobalSection
EndGlobal
