
Microsoft Visual Studio Solution File, Format Version 12.00
# Visual Studio Version 16
VisualStudioVersion = 16.0.28902.138
MinimumVisualStudioVersion = 10.0.40219.1
Project("{9A19103F-16F7-4668-BE54-9A1E7A4F7556}") = "01-Symmetric-Encryption", "01-Symmetric-Encryption\01-Symmetric-Encryption.csproj", "{8F62DA8F-E7A1-475F-85C6-EB09C6250A3C}"
EndProject
Project("{9A19103F-16F7-4668-BE54-9A1E7A4F7556}") = "02-Asymmetric-Encryption", "02-Asymmetric-Encryption\02-Asymmetric-Encryption.csproj", "{65E13B3B-E191-47C1-A089-D29B0818EB9F}"
EndProject
Project("{9A19103F-16F7-4668-BE54-9A1E7A4F7556}") = "03-Hashing", "03-Hashing\03-Hashing.csproj", "{AE95DF79-E251-420C-B910-37668B9AD2BE}"
EndProject
Project("{9A19103F-16F7-4668-BE54-9A1E7A4F7556}") = "04-Signing", "04-Signing\04-Signing.csproj", "{3DED2E55-D56A-4CDA-829A-C76542F327F5}"
EndProject
Project("{9A19103F-16F7-4668-BE54-9A1E7A4F7556}") = "06-BCrypt", "06-BCrypt\06-BCrypt.csproj", "{5495C413-B2E1-4439-88ED-BFAD62841A3D}"
EndProject
Project("{9A19103F-16F7-4668-BE54-9A1E7A4F7556}") = "05-RandomNumbers", "05-RandomNumbers\05-RandomNumbers.csproj", "{7B8E78E7-AB99-4D52-BEED-E695BD0F03BE}"
EndProject
Project("{2150E333-8FDC-42A3-9474-1A3956D46DE8}") = "01-Cryptography", "01-Cryptography", "{B28106F5-74C8-4217-9756-6E1321C23103}"
EndProject
Project("{2150E333-8FDC-42A3-9474-1A3956D46DE8}") = "02-Secrets", "02-Secrets", "{40A04234-C471-4B45-B472-8257AAA384BC}"
EndProject
Project("{9A19103F-16F7-4668-BE54-9A1E7A4F7556}") = "07-ConnectionStringBuilders", "07-ConnectionStringBuilders\07-ConnectionStringBuilders.csproj", "{066A2D24-BA75-4172-ABE1-00F07A28CE70}"
EndProject
Project("{9A19103F-16F7-4668-BE54-9A1E7A4F7556}") = "08-RecapNetCoreConfig", "08-RecapNetCoreConfig\08-RecapNetCoreConfig.csproj", "{275BC055-3778-4197-B8FA-07C797F2EC3D}"
EndProject
Project("{9A19103F-16F7-4668-BE54-9A1E7A4F7556}") = "09.2-KeyVaultManagedIdentity", "09-ProtectSettings\09.2-KeyVaultManagedIdentity\09.2-KeyVaultManagedIdentity.csproj", "{73B9FF72-12C8-46B9-A7A1-168986B5DE9F}"
EndProject
Project("{9A19103F-16F7-4668-BE54-9A1E7A4F7556}") = "09.1-SecretManager", "09-ProtectSettings\09.1-SecretManager\09.1-SecretManager.csproj", "{DC0AC713-A4D8-479C-9F88-36B70B907FBA}"
EndProject
Project("{9A19103F-16F7-4668-BE54-9A1E7A4F7556}") = "09.3-KeyVaultConfigurationProvider", "09-ProtectSettings\09.3-KeyVaultConfigurationProvider\09.3-KeyVaultConfigurationProvider.csproj", "{C0BABEBA-3134-4571-9DEC-A84C06FF7654}"
EndProject
Project("{9A19103F-16F7-4668-BE54-9A1E7A4F7556}") = "10-NetCoreDataProtection", "10-NetCoreDataProtection\10-NetCoreDataProtection.csproj", "{A25E04D0-EA3C-4995-8B4D-3BB681DEC1DA}"
EndProject
Project("{2150E333-8FDC-42A3-9474-1A3956D46DE8}") = "03-NetCoreDataProtection", "03-NetCoreDataProtection", "{FC21CF0A-6509-46D7-802F-26311582AA0F}"
EndProject
Project("{9A19103F-16F7-4668-BE54-9A1E7A4F7556}") = "11-DataProtectionPasswordHash", "11-DataProtectionPasswordHash\11-DataProtectionPasswordHash.csproj", "{F9B6EA37-2BF6-4EF0-9026-5BC8AF87D908}"
EndProject
Global
	GlobalSection(SolutionConfigurationPlatforms) = preSolution
		Debug|Any CPU = Debug|Any CPU
		Release|Any CPU = Release|Any CPU
	EndGlobalSection
	GlobalSection(ProjectConfigurationPlatforms) = postSolution
		{8F62DA8F-E7A1-475F-85C6-EB09C6250A3C}.Debug|Any CPU.ActiveCfg = Debug|Any CPU
		{8F62DA8F-E7A1-475F-85C6-EB09C6250A3C}.Debug|Any CPU.Build.0 = Debug|Any CPU
		{8F62DA8F-E7A1-475F-85C6-EB09C6250A3C}.Release|Any CPU.ActiveCfg = Release|Any CPU
		{8F62DA8F-E7A1-475F-85C6-EB09C6250A3C}.Release|Any CPU.Build.0 = Release|Any CPU
		{65E13B3B-E191-47C1-A089-D29B0818EB9F}.Debug|Any CPU.ActiveCfg = Debug|Any CPU
		{65E13B3B-E191-47C1-A089-D29B0818EB9F}.Debug|Any CPU.Build.0 = Debug|Any CPU
		{65E13B3B-E191-47C1-A089-D29B0818EB9F}.Release|Any CPU.ActiveCfg = Release|Any CPU
		{65E13B3B-E191-47C1-A089-D29B0818EB9F}.Release|Any CPU.Build.0 = Release|Any CPU
		{AE95DF79-E251-420C-B910-37668B9AD2BE}.Debug|Any CPU.ActiveCfg = Debug|Any CPU
		{AE95DF79-E251-420C-B910-37668B9AD2BE}.Debug|Any CPU.Build.0 = Debug|Any CPU
		{AE95DF79-E251-420C-B910-37668B9AD2BE}.Release|Any CPU.ActiveCfg = Release|Any CPU
		{AE95DF79-E251-420C-B910-37668B9AD2BE}.Release|Any CPU.Build.0 = Release|Any CPU
		{3DED2E55-D56A-4CDA-829A-C76542F327F5}.Debug|Any CPU.ActiveCfg = Debug|Any CPU
		{3DED2E55-D56A-4CDA-829A-C76542F327F5}.Debug|Any CPU.Build.0 = Debug|Any CPU
		{3DED2E55-D56A-4CDA-829A-C76542F327F5}.Release|Any CPU.ActiveCfg = Release|Any CPU
		{3DED2E55-D56A-4CDA-829A-C76542F327F5}.Release|Any CPU.Build.0 = Release|Any CPU
		{5495C413-B2E1-4439-88ED-BFAD62841A3D}.Debug|Any CPU.ActiveCfg = Debug|Any CPU
		{5495C413-B2E1-4439-88ED-BFAD62841A3D}.Debug|Any CPU.Build.0 = Debug|Any CPU
		{5495C413-B2E1-4439-88ED-BFAD62841A3D}.Release|Any CPU.ActiveCfg = Release|Any CPU
		{5495C413-B2E1-4439-88ED-BFAD62841A3D}.Release|Any CPU.Build.0 = Release|Any CPU
		{7B8E78E7-AB99-4D52-BEED-E695BD0F03BE}.Debug|Any CPU.ActiveCfg = Debug|Any CPU
		{7B8E78E7-AB99-4D52-BEED-E695BD0F03BE}.Debug|Any CPU.Build.0 = Debug|Any CPU
		{7B8E78E7-AB99-4D52-BEED-E695BD0F03BE}.Release|Any CPU.ActiveCfg = Release|Any CPU
		{7B8E78E7-AB99-4D52-BEED-E695BD0F03BE}.Release|Any CPU.Build.0 = Release|Any CPU
		{066A2D24-BA75-4172-ABE1-00F07A28CE70}.Debug|Any CPU.ActiveCfg = Debug|Any CPU
		{066A2D24-BA75-4172-ABE1-00F07A28CE70}.Debug|Any CPU.Build.0 = Debug|Any CPU
		{066A2D24-BA75-4172-ABE1-00F07A28CE70}.Release|Any CPU.ActiveCfg = Release|Any CPU
		{066A2D24-BA75-4172-ABE1-00F07A28CE70}.Release|Any CPU.Build.0 = Release|Any CPU
		{275BC055-3778-4197-B8FA-07C797F2EC3D}.Debug|Any CPU.ActiveCfg = Debug|Any CPU
		{275BC055-3778-4197-B8FA-07C797F2EC3D}.Debug|Any CPU.Build.0 = Debug|Any CPU
		{275BC055-3778-4197-B8FA-07C797F2EC3D}.Release|Any CPU.ActiveCfg = Release|Any CPU
		{275BC055-3778-4197-B8FA-07C797F2EC3D}.Release|Any CPU.Build.0 = Release|Any CPU
		{73B9FF72-12C8-46B9-A7A1-168986B5DE9F}.Debug|Any CPU.ActiveCfg = Debug|Any CPU
		{73B9FF72-12C8-46B9-A7A1-168986B5DE9F}.Debug|Any CPU.Build.0 = Debug|Any CPU
		{73B9FF72-12C8-46B9-A7A1-168986B5DE9F}.Release|Any CPU.ActiveCfg = Release|Any CPU
		{73B9FF72-12C8-46B9-A7A1-168986B5DE9F}.Release|Any CPU.Build.0 = Release|Any CPU
		{DC0AC713-A4D8-479C-9F88-36B70B907FBA}.Debug|Any CPU.ActiveCfg = Debug|Any CPU
		{DC0AC713-A4D8-479C-9F88-36B70B907FBA}.Debug|Any CPU.Build.0 = Debug|Any CPU
		{DC0AC713-A4D8-479C-9F88-36B70B907FBA}.Release|Any CPU.ActiveCfg = Release|Any CPU
		{DC0AC713-A4D8-479C-9F88-36B70B907FBA}.Release|Any CPU.Build.0 = Release|Any CPU
		{C0BABEBA-3134-4571-9DEC-A84C06FF7654}.Debug|Any CPU.ActiveCfg = Debug|Any CPU
		{C0BABEBA-3134-4571-9DEC-A84C06FF7654}.Debug|Any CPU.Build.0 = Debug|Any CPU
		{C0BABEBA-3134-4571-9DEC-A84C06FF7654}.Release|Any CPU.ActiveCfg = Release|Any CPU
		{C0BABEBA-3134-4571-9DEC-A84C06FF7654}.Release|Any CPU.Build.0 = Release|Any CPU
		{A25E04D0-EA3C-4995-8B4D-3BB681DEC1DA}.Debug|Any CPU.ActiveCfg = Debug|Any CPU
		{A25E04D0-EA3C-4995-8B4D-3BB681DEC1DA}.Debug|Any CPU.Build.0 = Debug|Any CPU
		{A25E04D0-EA3C-4995-8B4D-3BB681DEC1DA}.Release|Any CPU.ActiveCfg = Release|Any CPU
		{A25E04D0-EA3C-4995-8B4D-3BB681DEC1DA}.Release|Any CPU.Build.0 = Release|Any CPU
		{F9B6EA37-2BF6-4EF0-9026-5BC8AF87D908}.Debug|Any CPU.ActiveCfg = Debug|Any CPU
		{F9B6EA37-2BF6-4EF0-9026-5BC8AF87D908}.Debug|Any CPU.Build.0 = Debug|Any CPU
		{F9B6EA37-2BF6-4EF0-9026-5BC8AF87D908}.Release|Any CPU.ActiveCfg = Release|Any CPU
		{F9B6EA37-2BF6-4EF0-9026-5BC8AF87D908}.Release|Any CPU.Build.0 = Release|Any CPU
	EndGlobalSection
	GlobalSection(SolutionProperties) = preSolution
		HideSolutionNode = FALSE
	EndGlobalSection
	GlobalSection(NestedProjects) = preSolution
		{8F62DA8F-E7A1-475F-85C6-EB09C6250A3C} = {B28106F5-74C8-4217-9756-6E1321C23103}
		{65E13B3B-E191-47C1-A089-D29B0818EB9F} = {B28106F5-74C8-4217-9756-6E1321C23103}
		{AE95DF79-E251-420C-B910-37668B9AD2BE} = {B28106F5-74C8-4217-9756-6E1321C23103}
		{3DED2E55-D56A-4CDA-829A-C76542F327F5} = {B28106F5-74C8-4217-9756-6E1321C23103}
		{5495C413-B2E1-4439-88ED-BFAD62841A3D} = {B28106F5-74C8-4217-9756-6E1321C23103}
		{7B8E78E7-AB99-4D52-BEED-E695BD0F03BE} = {B28106F5-74C8-4217-9756-6E1321C23103}
		{066A2D24-BA75-4172-ABE1-00F07A28CE70} = {40A04234-C471-4B45-B472-8257AAA384BC}
		{275BC055-3778-4197-B8FA-07C797F2EC3D} = {40A04234-C471-4B45-B472-8257AAA384BC}
		{73B9FF72-12C8-46B9-A7A1-168986B5DE9F} = {40A04234-C471-4B45-B472-8257AAA384BC}
		{DC0AC713-A4D8-479C-9F88-36B70B907FBA} = {40A04234-C471-4B45-B472-8257AAA384BC}
		{C0BABEBA-3134-4571-9DEC-A84C06FF7654} = {40A04234-C471-4B45-B472-8257AAA384BC}
		{A25E04D0-EA3C-4995-8B4D-3BB681DEC1DA} = {FC21CF0A-6509-46D7-802F-26311582AA0F}
		{F9B6EA37-2BF6-4EF0-9026-5BC8AF87D908} = {FC21CF0A-6509-46D7-802F-26311582AA0F}
	EndGlobalSection
	GlobalSection(ExtensibilityGlobals) = postSolution
		SolutionGuid = {F80AA54E-A245-4CC4-83F4-996494BCD84F}
	EndGlobalSection
EndGlobal
