Microsoft Visual Studio Solution File, Format Version 12.00
# Visual Studio Version 17
VisualStudioVersion = 17.5.2.0
MinimumVisualStudioVersion = 10.0.40219.1
Project("{FAE04EC0-301F-11D3-BF4B-00C04F79EFBC}") = "04a-Asymmetric-Signing", "04a-Asymmetric-Signing.csproj", "{7F5A618D-1761-7AB3-0630-477FDBF6E566}"
EndProject
Global
	GlobalSection(SolutionConfigurationPlatforms) = preSolution
		Debug|Any CPU = Debug|Any CPU
		Release|Any CPU = Release|Any CPU
	EndGlobalSection
	GlobalSection(ProjectConfigurationPlatforms) = postSolution
		{7F5A618D-1761-7AB3-0630-477FDBF6E566}.Debug|Any CPU.ActiveCfg = Debug|Any CPU
		{7F5A618D-1761-7AB3-0630-477FDBF6E566}.Debug|Any CPU.Build.0 = Debug|Any CPU
		{7F5A618D-1761-7AB3-0630-477FDBF6E566}.Release|Any CPU.ActiveCfg = Release|Any CPU
		{7F5A618D-1761-7AB3-0630-477FDBF6E566}.Release|Any CPU.Build.0 = Release|Any CPU
	EndGlobalSection
	GlobalSection(SolutionProperties) = preSolution
		HideSolutionNode = FALSE
	EndGlobalSection
	GlobalSection(ExtensibilityGlobals) = postSolution
		SolutionGuid = {68AB54B4-DAE8-4FC6-AA97-159B2F2FFD15}
	EndGlobalSection
EndGlobal
