Microsoft Visual Studio Solution File, Format Version 12.00
# Visual Studio Version 17
VisualStudioVersion = 17.5.2.0
MinimumVisualStudioVersion = 10.0.40219.1
Project("{FAE04EC0-301F-11D3-BF4B-00C04F79EFBC}") = "01-Symmetric-Encryption", "01-Symmetric-Encryption.csproj", "{4B1E94A1-3479-488F-E51C-F2EA7A9B2296}"
EndProject
Global
	GlobalSection(SolutionConfigurationPlatforms) = preSolution
		Debug|Any CPU = Debug|Any CPU
		Release|Any CPU = Release|Any CPU
	EndGlobalSection
	GlobalSection(ProjectConfigurationPlatforms) = postSolution
		{4B1E94A1-3479-488F-E51C-F2EA7A9B2296}.Debug|Any CPU.ActiveCfg = Debug|Any CPU
		{4B1E94A1-3479-488F-E51C-F2EA7A9B2296}.Debug|Any CPU.Build.0 = Debug|Any CPU
		{4B1E94A1-3479-488F-E51C-F2EA7A9B2296}.Release|Any CPU.ActiveCfg = Release|Any CPU
		{4B1E94A1-3479-488F-E51C-F2EA7A9B2296}.Release|Any CPU.Build.0 = Release|Any CPU
	EndGlobalSection
	GlobalSection(SolutionProperties) = preSolution
		HideSolutionNode = FALSE
	EndGlobalSection
	GlobalSection(ExtensibilityGlobals) = postSolution
		SolutionGuid = {65BBB16A-DA42-4654-A975-980F234FA4E8}
	EndGlobalSection
EndGlobal
