Microsoft Visual Studio Solution File, Format Version 12.00
# Visual Studio Version 17
VisualStudioVersion = 17.5.2.0
MinimumVisualStudioVersion = 10.0.40219.1
Project("{FAE04EC0-301F-11D3-BF4B-00C04F79EFBC}") = "03-Hashing", "03-Hashing.csproj", "{16D6BD50-9DF7-6740-6B83-5A84572032ED}"
EndProject
Global
	GlobalSection(SolutionConfigurationPlatforms) = preSolution
		Debug|Any CPU = Debug|Any CPU
		Release|Any CPU = Release|Any CPU
	EndGlobalSection
	GlobalSection(ProjectConfigurationPlatforms) = postSolution
		{16D6BD50-9DF7-6740-6B83-5A84572032ED}.Debug|Any CPU.ActiveCfg = Debug|Any CPU
		{16D6BD50-9DF7-6740-6B83-5A84572032ED}.Debug|Any CPU.Build.0 = Debug|Any CPU
		{16D6BD50-9DF7-6740-6B83-5A84572032ED}.Release|Any CPU.ActiveCfg = Release|Any CPU
		{16D6BD50-9DF7-6740-6B83-5A84572032ED}.Release|Any CPU.Build.0 = Release|Any CPU
	EndGlobalSection
	GlobalSection(SolutionProperties) = preSolution
		HideSolutionNode = FALSE
	EndGlobalSection
	GlobalSection(ExtensibilityGlobals) = postSolution
		SolutionGuid = {34D12E34-31ED-4F30-BBE6-49E2DEB4FE3F}
	EndGlobalSection
EndGlobal
